
Microsoft Visual Studio Solution File, Format Version 12.00
# Visual Studio Version 17
VisualStudioVersion = 17.14.36616.10 d17.14
MinimumVisualStudioVersion = 10.0.40219.1
Project("{FAE04EC0-301F-11D3-BF4B-00C04F79EFBC}") = "Text-Adventure-Game", "Text-Adventure-Game\Text-Adventure-Game.csproj", "{913A33A7-62BF-49EF-B5B0-98D5C13937B9}"
EndProject
Global
	GlobalSection(SolutionConfigurationPlatforms) = preSolution
		Debug|Any CPU = Debug|Any CPU
		Release|Any CPU = Release|Any CPU
	EndGlobalSection
	GlobalSection(ProjectConfigurationPlatforms) = postSolution
		{913A33A7-62BF-49EF-B5B0-98D5C13937B9}.Debug|Any CPU.ActiveCfg = Debug|Any CPU
		{913A33A7-62BF-49EF-B5B0-98D5C13937B9}.Debug|Any CPU.Build.0 = Debug|Any CPU
		{913A33A7-62BF-49EF-B5B0-98D5C13937B9}.Release|Any CPU.ActiveCfg = Release|Any CPU
		{913A33A7-62BF-49EF-B5B0-98D5C13937B9}.Release|Any CPU.Build.0 = Release|Any CPU
	EndGlobalSection
	GlobalSection(SolutionProperties) = preSolution
		HideSolutionNode = FALSE
	EndGlobalSection
	GlobalSection(ExtensibilityGlobals) = postSolution
		SolutionGuid = {E1C2FC28-427A-40C4-A144-2F34B6BBBE08}
	EndGlobalSection
EndGlobal
